<?xml version="1.0" encoding="utf-8"?>
<Project ToolsVersion="4.0" xmlns="http://schemas.microsoft.com/developer/msbuild/2003">
  <ItemGroup>
    <Filter Include="Fichiers sources">
      <UniqueIdentifier>{4FC737F1-C7A5-4376-A066-2A32D752A2FF}</UniqueIdentifier>
      <Extensions>cpp;c;cc;cxx;c++;cppm;ixx;def;odl;idl;hpj;bat;asm;asmx</Extensions>
    </Filter>
    <Filter Include="Fichiers d%27en-tête">
      <UniqueIdentifier>{93995380-89BD-4b04-88EB-625FBE52EBFB}</UniqueIdentifier>
      <Extensions>h;hh;hpp;hxx;h++;hm;inl;inc;ipp;xsd</Extensions>
    </Filter>
    <Filter Include="Fichiers de ressources">
      <UniqueIdentifier>{67DA6AB6-F800-4c08-8B7A-83BB121AAD01}</UniqueIdentifier>
      <Extensions>rc;ico;cur;bmp;dlg;rc2;rct;bin;rgs;gif;jpg;jpeg;jpe;resx;tiff;tif;png;wav;mfcribbon-ms</Extensions>
    </Filter>
    <Filter Include="Fichiers sources\patches">
      <UniqueIdentifier>{cc801893-1f44-492e-94ec-d5e076ae1452}</UniqueIdentifier>
    </Filter>
    <Filter Include="Fichiers d%27en-tête\patches">
      <UniqueIdentifier>{d8c52fc9-5a7a-4c37-8308-02373df1419d}</UniqueIdentifier>
    </Filter>
  </ItemGroup>
  <ItemGroup>
    <ClInclude Include="framework.h">
      <Filter>Fichiers d%27en-tête</Filter>
    </ClInclude>
    <ClInclude Include="pch.h">
      <Filter>Fichiers d%27en-tête</Filter>
    </ClInclude>
    <ClInclude Include="splitscreen.h">
      <Filter>Fichiers d%27en-tête</Filter>
    </ClInclude>
    <ClInclude Include="camera.h">
      <Filter>Fichiers d%27en-tête</Filter>
    </ClInclude>
    <ClInclude Include="mod.h">
      <Filter>Fichiers d%27en-tête</Filter>
    </ClInclude>
    <ClInclude Include="patches\player_patches.h">
      <Filter>Fichiers d%27en-tête\patches</Filter>
    </ClInclude>
    <ClInclude Include="patches\patches.h">
      <Filter>Fichiers d%27en-tête\patches</Filter>
    </ClInclude>
    <ClInclude Include="sadx_utils.h">
      <Filter>Fichiers d%27en-tête</Filter>
    </ClInclude>
    <ClInclude Include="players.h">
      <Filter>Fichiers d%27en-tête</Filter>
    </ClInclude>
    <ClInclude Include="patches\deathzones.h">
      <Filter>Fichiers d%27en-tête\patches</Filter>
    </ClInclude>
  </ItemGroup>
  <ItemGroup>
    <ClCompile Include="dllmain.cpp">
      <Filter>Fichiers sources</Filter>
    </ClCompile>
    <ClCompile Include="pch.cpp">
      <Filter>Fichiers sources</Filter>
    </ClCompile>
    <ClCompile Include="mod.cpp">
      <Filter>Fichiers sources</Filter>
    </ClCompile>
    <ClCompile Include="splitscreen.cpp">
      <Filter>Fichiers sources</Filter>
    </ClCompile>
    <ClCompile Include="camera.cpp">
      <Filter>Fichiers sources</Filter>
    </ClCompile>
    <ClCompile Include="patches\player_patches.cpp">
      <Filter>Fichiers sources\patches</Filter>
    </ClCompile>
    <ClCompile Include="patches\patches.cpp">
      <Filter>Fichiers sources\patches</Filter>
    </ClCompile>
    <ClCompile Include="players.cpp">
      <Filter>Fichiers sources</Filter>
    </ClCompile>
    <ClCompile Include="patches\deathzones.cpp">
      <Filter>Fichiers sources\patches</Filter>
    </ClCompile>
  </ItemGroup>
</Project>