<?xml version="1.0" encoding="utf-8"?>
<Project ToolsVersion="4.0" xmlns="http://schemas.microsoft.com/developer/msbuild/2003">
  <ItemGroup>
    <ClCompile Include="menu_multi.cpp">
      <Filter>Source Files\gui</Filter>
    </ClCompile>
    <ClCompile Include="menu.cpp">
      <Filter>Source Files\gui</Filter>
    </ClCompile>
    <ClCompile Include="camera.cpp">
      <Filter>Source Files</Filter>
    </ClCompile>
    <ClCompile Include="dllmain.cpp">
      <Filter>Source Files</Filter>
    </ClCompile>
    <ClCompile Include="mod.cpp">
      <Filter>Source Files</Filter>
    </ClCompile>
    <ClCompile Include="pch.cpp">
      <Filter>Source Files</Filter>
    </ClCompile>
    <ClCompile Include="players.cpp">
      <Filter>Source Files</Filter>
    </ClCompile>
    <ClCompile Include="splitscreen.cpp">
      <Filter>Source Files</Filter>
    </ClCompile>
    <ClCompile Include="utils.cpp">
      <Filter>Source Files</Filter>
    </ClCompile>
    <ClCompile Include="hud_multi.cpp">
      <Filter>Source Files\gui</Filter>
    </ClCompile>
    <ClCompile Include="drawqueue.cpp">
      <Filter>Source Files</Filter>
    </ClCompile>
    <ClCompile Include="death.cpp">
      <Filter>Source Files</Filter>
    </ClCompile>
    <ClCompile Include="patches.cpp">
      <Filter>Source Files</Filter>
    </ClCompile>
    <ClCompile Include="objects\ObjectBeachWave.cpp">
      <Filter>Source Files\objects</Filter>
    </ClCompile>
    <ClCompile Include="set.cpp">
      <Filter>Source Files</Filter>
    </ClCompile>
    <ClCompile Include="levels.cpp">
      <Filter>Source Files</Filter>
    </ClCompile>
    <ClCompile Include="multiplayer.cpp">
      <Filter>Source Files</Filter>
    </ClCompile>
    <ClCompile Include="objects\EnemyCart.cpp">
      <Filter>Source Files\objects</Filter>
    </ClCompile>
    <ClCompile Include="objects\ObjectItemBox.cpp">
      <Filter>Source Files\objects</Filter>
    </ClCompile>
    <ClCompile Include="objects\ObjectTPCoaster.cpp">
      <Filter>Source Files\objects</Filter>
    </ClCompile>
    <ClCompile Include="objects\ObjectBeachOruka.cpp">
      <Filter>Source Files\objects</Filter>
    </ClCompile>
    <ClCompile Include="testspawn.cpp">
      <Filter>Source Files</Filter>
    </ClCompile>
    <ClCompile Include="multiapi.cpp">
      <Filter>Source Files</Filter>
    </ClCompile>
    <ClCompile Include="sound.cpp">
      <Filter>Source Files</Filter>
    </ClCompile>
    <ClCompile Include="race.cpp">
      <Filter>Source Files</Filter>
    </ClCompile>
    <ClCompile Include="objects\ObjectReleaseBox.cpp">
      <Filter>Source Files\objects</Filter>
    </ClCompile>
    <ClCompile Include="result.cpp">
      <Filter>Source Files</Filter>
    </ClCompile>
    <ClCompile Include="hud_result.cpp">
      <Filter>Source Files\gui</Filter>
    </ClCompile>
    <ClCompile Include="objects\ObjectHeli.cpp">
      <Filter>Source Files\objects</Filter>
    </ClCompile>
    <ClCompile Include="objects\ObjectCrane.cpp">
      <Filter>Source Files\objects</Filter>
    </ClCompile>
    <ClCompile Include="objects\ObjectHighwayTurnasi.cpp">
      <Filter>Source Files\objects</Filter>
    </ClCompile>
    <ClCompile Include="objects\Rd_Highway.cpp">
      <Filter>Source Files\objects</Filter>
    </ClCompile>
    <ClCompile Include="objects\ObjectRMPathKassha.cpp">
      <Filter>Source Files\objects</Filter>
    </ClCompile>
    <ClCompile Include="objects\ObjectWindyTorout.cpp">
      <Filter>Source Files\objects</Filter>
    </ClCompile>
    <ClCompile Include="objects\ObjectKaosEme.cpp">
      <Filter>Source Files\objects</Filter>
    </ClCompile>
    <ClCompile Include="objects\Rd_Snow.cpp">
      <Filter>Source Files\objects</Filter>
    </ClCompile>
    <ClCompile Include="objects\ObjectJumpPanel.cpp">
      <Filter>Source Files\objects</Filter>
    </ClCompile>
    <ClCompile Include="objects\SnowBoard.cpp">
      <Filter>Source Files\objects</Filter>
    </ClCompile>
    <ClCompile Include="objects\E102.cpp">
      <Filter>Source Files\objects</Filter>
    </ClCompile>
    <ClCompile Include="objects\ObjectFrog.cpp">
      <Filter>Source Files\objects</Filter>
    </ClCompile>
    <ClCompile Include="objects\ObjectFinalEggTarget.cpp">
      <Filter>Source Files\objects</Filter>
    </ClCompile>
  </ItemGroup>
  <ItemGroup>
    <ClInclude Include="camera.h">
      <Filter>Header FIles</Filter>
    </ClInclude>
    <ClInclude Include="framework.h">
      <Filter>Header FIles</Filter>
    </ClInclude>
    <ClInclude Include="pch.h">
      <Filter>Header FIles</Filter>
    </ClInclude>
    <ClInclude Include="mod.h">
      <Filter>Header FIles</Filter>
    </ClInclude>
    <ClInclude Include="players.h">
      <Filter>Header FIles</Filter>
    </ClInclude>
    <ClInclude Include="sadx_utils.h">
      <Filter>Header FIles</Filter>
    </ClInclude>
    <ClInclude Include="splitscreen.h">
      <Filter>Header FIles</Filter>
    </ClInclude>
    <ClInclude Include="utils.h">
      <Filter>Header FIles</Filter>
    </ClInclude>
    <ClInclude Include="hud_multi.h">
      <Filter>Header FIles\gui</Filter>
    </ClInclude>
    <ClInclude Include="menu.h">
      <Filter>Header FIles\gui</Filter>
    </ClInclude>
    <ClInclude Include="menu_multi.h">
      <Filter>Header FIles\gui</Filter>
    </ClInclude>
    <ClInclude Include="drawqueue.h">
      <Filter>Header FIles</Filter>
    </ClInclude>
    <ClInclude Include="d3d8vars.h">
      <Filter>Header FIles</Filter>
    </ClInclude>
    <ClInclude Include="death.h">
      <Filter>Header FIles</Filter>
    </ClInclude>
    <ClInclude Include="patches.h">
      <Filter>Header FIles</Filter>
    </ClInclude>
    <ClInclude Include="set.h">
      <Filter>Header FIles</Filter>
    </ClInclude>
    <ClInclude Include="levels.h">
      <Filter>Header FIles</Filter>
    </ClInclude>
    <ClInclude Include="objects\ObjectItemBox.h">
      <Filter>Header FIles\objects</Filter>
    </ClInclude>
    <ClInclude Include="multiplayer.h">
      <Filter>Header FIles</Filter>
    </ClInclude>
    <ClInclude Include="testspawn.h">
      <Filter>Header FIles</Filter>
    </ClInclude>
    <ClInclude Include="..\include\multiapi.h">
      <Filter>Header FIles\include</Filter>
    </ClInclude>
    <ClInclude Include="sound.h">
      <Filter>Header FIles</Filter>
    </ClInclude>
    <ClInclude Include="race.h">
      <Filter>Header FIles</Filter>
    </ClInclude>
    <ClInclude Include="result.h">
      <Filter>Header FIles</Filter>
    </ClInclude>
    <ClInclude Include="hud_result.h">
      <Filter>Header FIles\gui</Filter>
    </ClInclude>
    <ClInclude Include="objects\SnowBoard.h">
      <Filter>Header FIles\objects</Filter>
    </ClInclude>
  </ItemGroup>
  <ItemGroup>
    <Filter Include="Header FIles">
      <UniqueIdentifier>{56f53c80-d906-4456-a067-cd34f6124b33}</UniqueIdentifier>
    </Filter>
    <Filter Include="Source Files">
      <UniqueIdentifier>{faefacd9-04d6-4834-aa7c-a6f104e4eb1e}</UniqueIdentifier>
    </Filter>
    <Filter Include="Source Files\gui">
      <UniqueIdentifier>{25de92dc-4f93-442a-bf74-5037f998a674}</UniqueIdentifier>
    </Filter>
    <Filter Include="Header FIles\gui">
      <UniqueIdentifier>{5a4890f9-adbc-4a33-bc9f-abe98eedc69e}</UniqueIdentifier>
    </Filter>
    <Filter Include="Source Files\objects">
      <UniqueIdentifier>{f7f1aa64-91c4-404c-b268-0b44e95f29b7}</UniqueIdentifier>
    </Filter>
    <Filter Include="Header FIles\objects">
      <UniqueIdentifier>{25a58ace-4839-4bc1-ade4-5d673fc39e17}</UniqueIdentifier>
    </Filter>
    <Filter Include="Header FIles\include">
      <UniqueIdentifier>{fead6788-8f1c-4b08-98a7-c22b00686774}</UniqueIdentifier>
    </Filter>
  </ItemGroup>
</Project>