<?xml version="1.0" encoding="utf-8"?>
<Project ToolsVersion="4.0" xmlns="http://schemas.microsoft.com/developer/msbuild/2003">
  <ItemGroup>
    <ClCompile Include="menu_multi.cpp">
      <Filter>Source Files\gui</Filter>
    </ClCompile>
    <ClCompile Include="menu.cpp">
      <Filter>Source Files\gui</Filter>
    </ClCompile>
    <ClCompile Include="camera.cpp">
      <Filter>Source Files</Filter>
    </ClCompile>
    <ClCompile Include="dllmain.cpp">
      <Filter>Source Files</Filter>
    </ClCompile>
    <ClCompile Include="mod.cpp">
      <Filter>Source Files</Filter>
    </ClCompile>
    <ClCompile Include="pch.cpp">
      <Filter>Source Files</Filter>
    </ClCompile>
    <ClCompile Include="players.cpp">
      <Filter>Source Files</Filter>
    </ClCompile>
    <ClCompile Include="splitscreen.cpp">
      <Filter>Source Files</Filter>
    </ClCompile>
    <ClCompile Include="utils.cpp">
      <Filter>Source Files</Filter>
    </ClCompile>
    <ClCompile Include="hud_multi.cpp">
      <Filter>Source Files\gui</Filter>
    </ClCompile>
    <ClCompile Include="drawqueue.cpp">
      <Filter>Source Files</Filter>
    </ClCompile>
    <ClCompile Include="death.cpp">
      <Filter>Source Files</Filter>
    </ClCompile>
    <ClCompile Include="patches.cpp">
      <Filter>Source Files</Filter>
    </ClCompile>
    <ClCompile Include="set.cpp">
      <Filter>Source Files</Filter>
    </ClCompile>
    <ClCompile Include="levels.cpp">
      <Filter>Source Files</Filter>
    </ClCompile>
    <ClCompile Include="multiplayer.cpp">
      <Filter>Source Files</Filter>
    </ClCompile>
    <ClCompile Include="objects\ObjectItemBox.cpp">
      <Filter>Source Files\objects</Filter>
    </ClCompile>
    <ClCompile Include="testspawn.cpp">
      <Filter>Source Files</Filter>
    </ClCompile>
    <ClCompile Include="multiapi.cpp">
      <Filter>Source Files</Filter>
    </ClCompile>
    <ClCompile Include="sound.cpp">
      <Filter>Source Files</Filter>
    </ClCompile>
    <ClCompile Include="race.cpp">
      <Filter>Source Files</Filter>
    </ClCompile>
    <ClCompile Include="objects\ObjectReleaseBox.cpp">
      <Filter>Source Files\objects</Filter>
    </ClCompile>
    <ClCompile Include="result.cpp">
      <Filter>Source Files</Filter>
    </ClCompile>
    <ClCompile Include="hud_result.cpp">
      <Filter>Source Files\gui</Filter>
    </ClCompile>
    <ClCompile Include="objects\ObjectKaosEme.cpp">
      <Filter>Source Files\objects</Filter>
    </ClCompile>
    <ClCompile Include="objects\ObjectJumpPanel.cpp">
      <Filter>Source Files\objects</Filter>
    </ClCompile>
    <ClCompile Include="objects\ObjectFrog.cpp">
      <Filter>Source Files\objects</Filter>
    </ClCompile>
    <ClCompile Include="objects\dispE102Laser.cpp">
      <Filter>Source Files\objects</Filter>
    </ClCompile>
    <ClCompile Include="objects\ef_spark.cpp">
      <Filter>Source Files\objects</Filter>
    </ClCompile>
    <ClCompile Include="emeraldhunt.cpp">
      <Filter>Source Files</Filter>
    </ClCompile>
    <ClCompile Include="objects\o_eme.cpp">
      <Filter>Source Files\objects</Filter>
    </ClCompile>
    <ClCompile Include="hud_emerald.cpp">
      <Filter>Source Files\gui</Filter>
    </ClCompile>
    <ClCompile Include="objects\ObjectTogedai.cpp">
      <Filter>Source Files\objects</Filter>
    </ClCompile>
    <ClCompile Include="milesrace.cpp">
      <Filter>Source Files</Filter>
    </ClCompile>
    <ClCompile Include="fishing.cpp">
      <Filter>Source Files</Filter>
    </ClCompile>
    <ClCompile Include="hud_fishing.cpp">
      <Filter>Source Files\gui</Filter>
    </ClCompile>
    <ClCompile Include="objects\Sakana.cpp">
      <Filter>Source Files\objects</Filter>
    </ClCompile>
    <ClCompile Include="objects\BigKaeru.cpp">
      <Filter>Source Files\objects</Filter>
    </ClCompile>
    <ClCompile Include="objects\Eggrob.cpp">
      <Filter>Source Files\objects</Filter>
    </ClCompile>
    <ClCompile Include="objects\ObjectBaloon.cpp">
      <Filter>Source Files\objects</Filter>
    </ClCompile>
    <ClCompile Include="objects\mirror.cpp">
      <Filter>Source Files\objects</Filter>
    </ClCompile>
    <ClCompile Include="forcewk.cpp">
      <Filter>Source Files</Filter>
    </ClCompile>
    <ClCompile Include="hud_indicator.cpp">
      <Filter>Source Files\gui</Filter>
    </ClCompile>
    <ClCompile Include="config.cpp">
      <Filter>Source Files</Filter>
    </ClCompile>
    <ClCompile Include="hud_itembox.cpp">
      <Filter>Source Files\gui</Filter>
    </ClCompile>
    <ClCompile Include="objects\ef_barrier.cpp">
      <Filter>Source Files\objects</Filter>
    </ClCompile>
    <ClCompile Include="gravity.cpp">
      <Filter>Source Files</Filter>
    </ClCompile>
    <ClCompile Include="objects\BigTheCat.cpp">
      <Filter>Source Files\objects\figure</Filter>
    </ClCompile>
    <ClCompile Include="objects\sonic.cpp">
      <Filter>Source Files\objects\figure</Filter>
    </ClCompile>
    <ClCompile Include="objects\E102.cpp">
      <Filter>Source Files\objects\figure</Filter>
    </ClCompile>
    <ClCompile Include="fog.cpp">
      <Filter>Source Files</Filter>
    </ClCompile>
    <ClCompile Include="input.cpp">
      <Filter>Source Files</Filter>
    </ClCompile>
    <ClCompile Include="netplay.cpp">
      <Filter>Source Files\netplay</Filter>
    </ClCompile>
    <ClCompile Include="packet.cpp">
      <Filter>Source Files\netplay</Filter>
    </ClCompile>
    <ClCompile Include="logic.cpp">
      <Filter>Source Files</Filter>
    </ClCompile>
    <ClCompile Include="timer.cpp">
      <Filter>Source Files\netplay</Filter>
    </ClCompile>
    <ClCompile Include="camerafunc.cpp">
      <Filter>Source Files</Filter>
    </ClCompile>
    <ClCompile Include="objects\colli_space.cpp">
      <Filter>Source Files\objects</Filter>
    </ClCompile>
    <ClCompile Include="event.cpp">
      <Filter>Source Files</Filter>
    </ClCompile>
    <ClCompile Include="objects\chaos0.cpp">
      <Filter>Source Files\objects\bosses</Filter>
    </ClCompile>
    <ClCompile Include="objects\egg-hornet.cpp">
      <Filter>Source Files\objects\bosses</Filter>
    </ClCompile>
    <ClCompile Include="objects\boss-common.cpp">
      <Filter>Source Files\objects\bosses</Filter>
    </ClCompile>
    <ClCompile Include="objects\egg-walker.cpp">
      <Filter>Source Files\objects\bosses</Filter>
    </ClCompile>
    <ClCompile Include="objects\pathtask.cpp">
      <Filter>Source Files\objects</Filter>
    </ClCompile>
    <ClCompile Include="objects\rd_sandboard.cpp">
      <Filter>Source Files\objects</Filter>
    </ClCompile>
    <ClCompile Include="objects\ObjectRocket.cpp">
      <Filter>Source Files\objects</Filter>
    </ClCompile>
    <ClCompile Include="objects\AmyRose.cpp">
      <Filter>Source Files\objects\figure</Filter>
    </ClCompile>
    <ClCompile Include="objects\knuckles.cpp">
      <Filter>Source Files\objects\figure</Filter>
    </ClCompile>
    <ClCompile Include="menu_adventure.cpp">
      <Filter>Source Files\gui</Filter>
    </ClCompile>
    <ClCompile Include="collision.cpp">
      <Filter>Source Files</Filter>
    </ClCompile>
    <ClCompile Include="objects\miles.cpp">
      <Filter>Source Files\objects\figure</Filter>
    </ClCompile>
    <ClCompile Include="objects\o_beach_pathcam.cpp">
      <Filter>Source Files\objects\stg01_beach</Filter>
    </ClCompile>
    <ClCompile Include="objects\o_beach_yurehasi.cpp">
      <Filter>Source Files\objects\stg01_beach</Filter>
    </ClCompile>
    <ClCompile Include="objects\ObjectBeachOruka.cpp">
      <Filter>Source Files\objects\stg01_beach</Filter>
    </ClCompile>
    <ClCompile Include="objects\ObjectBeachWave.cpp">
      <Filter>Source Files\objects\stg01_beach</Filter>
    </ClCompile>
    <ClCompile Include="objects\o_windy_broobj.cpp">
      <Filter>Source Files\objects\stg02_windy</Filter>
    </ClCompile>
    <ClCompile Include="objects\o_windy_poline.cpp">
      <Filter>Source Files\objects\stg02_windy</Filter>
    </ClCompile>
    <ClCompile Include="objects\o_windy_torin.cpp">
      <Filter>Source Files\objects\stg02_windy</Filter>
    </ClCompile>
    <ClCompile Include="objects\o_twinkle_door.cpp">
      <Filter>Source Files\objects\stg03_twinkle</Filter>
    </ClCompile>
    <ClCompile Include="objects\o_twinkle_shutter.cpp">
      <Filter>Source Files\objects\stg03_twinkle</Filter>
    </ClCompile>
    <ClCompile Include="objects\o_twinkle_go_round.cpp">
      <Filter>Source Files\objects\stg03_twinkle</Filter>
    </ClCompile>
    <ClCompile Include="objects\o_hw_pathcam.cpp">
      <Filter>Source Files\objects\stg04_highway</Filter>
    </ClCompile>
    <ClCompile Include="objects\ObjectHeli.cpp">
      <Filter>Source Files\objects\stg04_highway</Filter>
    </ClCompile>
    <ClCompile Include="objects\ObjectHighwayTurnasi.cpp">
      <Filter>Source Files\objects\stg04_highway</Filter>
    </ClCompile>
    <ClCompile Include="objects\ObjectWindyTorout.cpp">
      <Filter>Source Files\objects\stg02_windy</Filter>
    </ClCompile>
    <ClCompile Include="objects\ObjectMountainAsiba.cpp">
      <Filter>Source Files\objects\stg05_mountain</Filter>
    </ClCompile>
    <ClCompile Include="objects\o_mountain_yougan.cpp">
      <Filter>Source Files\objects\stg05_mountain</Filter>
    </ClCompile>
    <ClCompile Include="objects\o_Mountain_MagmaCnt.cpp">
      <Filter>Source Files\objects\stg05_mountain</Filter>
    </ClCompile>
    <ClCompile Include="objects\o_sky_cannon_cmn.cpp">
      <Filter>Source Files\objects\stg06_skydeck</Filter>
    </ClCompile>
    <ClCompile Include="objects\o_sky_cannon_h2.cpp">
      <Filter>Source Files\objects\stg06_skydeck</Filter>
    </ClCompile>
    <ClCompile Include="objects\o_sky_cannon_s.cpp">
      <Filter>Source Files\objects\stg06_skydeck</Filter>
    </ClCompile>
    <ClCompile Include="objects\o_sky_connect.cpp">
      <Filter>Source Files\objects\stg06_skydeck</Filter>
    </ClCompile>
    <ClCompile Include="objects\o_sky_crane.cpp">
      <Filter>Source Files\objects\stg06_skydeck</Filter>
    </ClCompile>
    <ClCompile Include="objects\o_sky_cyl_cmn.cpp">
      <Filter>Source Files\objects\stg06_skydeck</Filter>
    </ClCompile>
    <ClCompile Include="objects\o_sky_elevator.cpp">
      <Filter>Source Files\objects\stg06_skydeck</Filter>
    </ClCompile>
    <ClCompile Include="objects\o_sky_ocm.cpp">
      <Filter>Source Files\objects\stg06_skydeck</Filter>
    </ClCompile>
    <ClCompile Include="objects\o_sky_sinkrane.cpp">
      <Filter>Source Files\objects\stg06_skydeck</Filter>
    </ClCompile>
    <ClCompile Include="objects\o_sky_talap0.cpp">
      <Filter>Source Files\objects\stg06_skydeck</Filter>
    </ClCompile>
    <ClCompile Include="objects\o_sky_wing.cpp">
      <Filter>Source Files\objects\stg06_skydeck</Filter>
    </ClCompile>
    <ClCompile Include="objects\o_ruin_mirror.cpp">
      <Filter>Source Files\objects\stg07_ruin</Filter>
    </ClCompile>
    <ClCompile Include="objects\o_ruin_pathcam.cpp">
      <Filter>Source Files\objects\stg07_ruin</Filter>
    </ClCompile>
    <ClCompile Include="objects\o_ruin_reverse.cpp">
      <Filter>Source Files\objects\stg07_ruin</Filter>
    </ClCompile>
    <ClCompile Include="objects\o_ruin_snake.cpp">
      <Filter>Source Files\objects\stg07_ruin</Filter>
    </ClCompile>
    <ClCompile Include="objects\o_ruin_swdoor_x.cpp">
      <Filter>Source Files\objects\stg07_ruin</Filter>
    </ClCompile>
    <ClCompile Include="objects\o_ruin_tatearuki.cpp">
      <Filter>Source Files\objects\stg07_ruin</Filter>
    </ClCompile>
    <ClCompile Include="objects\o_rockroll.cpp">
      <Filter>Source Files\objects\stg07_ruin</Filter>
    </ClCompile>
    <ClCompile Include="objects\Rd_Snow.cpp">
      <Filter>Source Files\objects\stg08_icecap</Filter>
    </ClCompile>
    <ClCompile Include="objects\ObjectIcecapFuta.cpp">
      <Filter>Source Files\objects\stg08_icecap</Filter>
    </ClCompile>
    <ClCompile Include="objects\o_casino_fanfan.cpp">
      <Filter>Source Files\objects\stg09_casino</Filter>
    </ClCompile>
    <ClCompile Include="objects\o_casino_hasigo.cpp">
      <Filter>Source Files\objects\stg09_casino</Filter>
    </ClCompile>
    <ClCompile Include="objects\o_casino_hosin.cpp">
      <Filter>Source Files\objects\stg09_casino</Filter>
    </ClCompile>
    <ClCompile Include="objects\o_casino_kowaresoniczo.cpp">
      <Filter>Source Files\objects\stg09_casino</Filter>
    </ClCompile>
    <ClCompile Include="objects\o_casino_pathcam.cpp">
      <Filter>Source Files\objects\stg09_casino</Filter>
    </ClCompile>
    <ClCompile Include="objects\o_finalegg_conveyorbelt.cpp">
      <Filter>Source Files\objects\stg10_finalegg</Filter>
    </ClCompile>
    <ClCompile Include="objects\o_finalegg_elevator2.cpp">
      <Filter>Source Files\objects\stg10_finalegg</Filter>
    </ClCompile>
    <ClCompile Include="objects\o_finalegg_fun.cpp">
      <Filter>Source Files\objects\stg10_finalegg</Filter>
    </ClCompile>
    <ClCompile Include="objects\o_finalegg_hallgate.cpp">
      <Filter>Source Files\objects\stg10_finalegg</Filter>
    </ClCompile>
    <ClCompile Include="objects\o_finalegg_pathcam.cpp">
      <Filter>Source Files\objects\stg10_finalegg</Filter>
    </ClCompile>
    <ClCompile Include="objects\o_finalegg_spintube_big.cpp">
      <Filter>Source Files\objects\stg10_finalegg</Filter>
    </ClCompile>
    <ClCompile Include="objects\o_finalegg_spintube_medium.cpp">
      <Filter>Source Files\objects\stg10_finalegg</Filter>
    </ClCompile>
    <ClCompile Include="objects\o_finalegg_spintube_small.cpp">
      <Filter>Source Files\objects\stg10_finalegg</Filter>
    </ClCompile>
    <ClCompile Include="objects\o_finalegg_ukishima.cpp">
      <Filter>Source Files\objects\stg10_finalegg</Filter>
    </ClCompile>
    <ClCompile Include="objects\ObjectFinalEggElevator.cpp">
      <Filter>Source Files\objects\stg10_finalegg</Filter>
    </ClCompile>
    <ClCompile Include="objects\ObjectFinalEggRainbowDoor.cpp">
      <Filter>Source Files\objects\stg10_finalegg</Filter>
    </ClCompile>
    <ClCompile Include="objects\ObjectFinalEggTarget.cpp">
      <Filter>Source Files\objects\stg10_finalegg</Filter>
    </ClCompile>
    <ClCompile Include="objects\rd_skydeck.cpp">
      <Filter>Source Files\objects\stg06_skydeck</Filter>
    </ClCompile>
    <ClCompile Include="objects\Rd_Highway.cpp">
      <Filter>Source Files\objects\stg04_highway</Filter>
    </ClCompile>
    <ClCompile Include="objects\o_shelter_cargo.cpp">
      <Filter>Source Files\objects\stg12_hotshelter</Filter>
    </ClCompile>
    <ClCompile Include="objects\o_shelter_cargocontainer.cpp">
      <Filter>Source Files\objects\stg12_hotshelter</Filter>
    </ClCompile>
    <ClCompile Include="objects\o_shelter_cargotop.cpp">
      <Filter>Source Files\objects\stg12_hotshelter</Filter>
    </ClCompile>
    <ClCompile Include="objects\o_shelter_gate1.cpp">
      <Filter>Source Files\objects\stg12_hotshelter</Filter>
    </ClCompile>
    <ClCompile Include="objects\o_shelter_haguruma.cpp">
      <Filter>Source Files\objects\stg12_hotshelter</Filter>
    </ClCompile>
    <ClCompile Include="objects\o_shelter_kaitenashiba.cpp">
      <Filter>Source Files\objects\stg12_hotshelter</Filter>
    </ClCompile>
    <ClCompile Include="objects\ObjShelterCrane.cpp">
      <Filter>Source Files\objects\stg12_hotshelter</Filter>
    </ClCompile>
    <ClCompile Include="objects\ObjShelterCargostart.cpp">
      <Filter>Source Files\objects\stg12_hotshelter</Filter>
    </ClCompile>
    <ClCompile Include="objects\ObjShelterBridge.cpp">
      <Filter>Source Files\objects\stg12_hotshelter</Filter>
    </ClCompile>
    <ClCompile Include="objects\ObjShelterKaitendai.cpp">
      <Filter>Source Files\objects\stg12_hotshelter</Filter>
    </ClCompile>
    <ClCompile Include="objects\ObjShelterElevator.cpp">
      <Filter>Source Files\objects\stg12_hotshelter</Filter>
    </ClCompile>
    <ClCompile Include="objects\ObjShelterKaitenKey.cpp">
      <Filter>Source Files\objects\stg12_hotshelter</Filter>
    </ClCompile>
    <ClCompile Include="objects\ObjShelterSen.cpp">
      <Filter>Source Files\objects\stg12_hotshelter</Filter>
    </ClCompile>
    <ClCompile Include="objects\ObjShelterUkijima.cpp">
      <Filter>Source Files\objects\stg12_hotshelter</Filter>
    </ClCompile>
    <ClCompile Include="objects\RdHotShelter.cpp">
      <Filter>Source Files\objects\stg12_hotshelter</Filter>
    </ClCompile>
    <ClCompile Include="objects\EnemyMountainTgtMissile.cpp">
      <Filter>Source Files\objects\stg05_mountain</Filter>
    </ClCompile>
    <ClCompile Include="objects\EnemyMountainE104.cpp">
      <Filter>Source Files\objects\stg05_mountain</Filter>
    </ClCompile>
    <ClCompile Include="objects\EnemyHotTgtMissile.cpp">
      <Filter>Source Files\objects\stg12_hotshelter</Filter>
    </ClCompile>
    <ClCompile Include="objects\EnemyHotE105.cpp">
      <Filter>Source Files\objects\stg12_hotshelter</Filter>
    </ClCompile>
    <ClCompile Include="objects\EnemyWindyTgtMissile.cpp">
      <Filter>Source Files\objects\stg02_windy</Filter>
    </ClCompile>
    <ClCompile Include="objects\EnemyWindyE103.cpp">
      <Filter>Source Files\objects\stg02_windy</Filter>
    </ClCompile>
    <ClCompile Include="objects\e_cart.cpp">
      <Filter>Source Files\objects\enemy</Filter>
    </ClCompile>
    <ClCompile Include="objects\e_gachapon.cpp">
      <Filter>Source Files\objects\enemy</Filter>
    </ClCompile>
    <ClCompile Include="objects\e_pondskater.cpp">
      <Filter>Source Files\objects\enemy</Filter>
    </ClCompile>
    <ClCompile Include="objects\e_robo.cpp">
      <Filter>Source Files\objects\enemy</Filter>
    </ClCompile>
    <ClCompile Include="objects\e_sai.cpp">
      <Filter>Source Files\objects\enemy</Filter>
    </ClCompile>
    <ClCompile Include="objects\e_aircraft.cpp">
      <Filter>Source Files\objects\enemy</Filter>
    </ClCompile>
    <ClCompile Include="objects\PathKassha.cpp">
      <Filter>Source Files\objects\stg05_mountain</Filter>
    </ClCompile>
    <ClCompile Include="objects\ObjectTPCoaster.cpp">
      <Filter>Source Files\objects\stg03_twinkle</Filter>
    </ClCompile>
    <ClCompile Include="objects\ObjectTPCatapult.cpp">
      <Filter>Source Files\objects\stg03_twinkle</Filter>
    </ClCompile>
    <ClCompile Include="objects\ef_sky_scope.cpp">
      <Filter>Source Files\objects\stg06_skydeck</Filter>
    </ClCompile>
    <ClCompile Include="objects\o_icecap_icicle.cpp">
      <Filter>Source Files\objects\stg08_icecap</Filter>
    </ClCompile>
    <ClCompile Include="objects\o_hebigate.cpp">
      <Filter>Source Files\objects\stg07_ruin</Filter>
    </ClCompile>
    <ClCompile Include="objects\o_suimen.cpp">
      <Filter>Source Files\objects\stg07_ruin</Filter>
    </ClCompile>
    <ClCompile Include="objects\o_water.cpp">
      <Filter>Source Files\objects\stg07_ruin</Filter>
    </ClCompile>
    <ClCompile Include="objects\ObjectSkyLever.cpp">
      <Filter>Source Files\objects\stg06_skydeck</Filter>
    </ClCompile>
    <ClCompile Include="objects\SnowBoard.cpp">
      <Filter>Source Files\objects\stg08_icecap</Filter>
    </ClCompile>
    <ClCompile Include="objects\o_cart_stopper.cpp">
      <Filter>Source Files\objects\stg03_twinkle</Filter>
    </ClCompile>
    <ClCompile Include="objects\o_windy_pathact.cpp">
      <Filter>Source Files\objects\stg02_windy</Filter>
    </ClCompile>
    <ClCompile Include="objects\o_shat.cpp">
      <Filter>Source Files\objects\stg09_casino</Filter>
    </ClCompile>
    <ClCompile Include="objects\o_fountain.cpp">
      <Filter>Source Files\objects\stg04_highway</Filter>
    </ClCompile>
    <ClCompile Include="objects\e101.cpp">
      <Filter>Source Files\objects\bosses</Filter>
    </ClCompile>
    <ClCompile Include="objects\e101r.cpp">
      <Filter>Source Files\objects\bosses</Filter>
    </ClCompile>
    <ClCompile Include="objects\o_tikal_hint.cpp">
      <Filter>Source Files\objects</Filter>
    </ClCompile>
    <ClCompile Include="objects\extra.cpp">
      <Filter>Source Files\objects</Filter>
    </ClCompile>
    <ClCompile Include="objects\o_ruinSwDoor_.cpp">
      <Filter>Source Files\objects\stg07_ruin</Filter>
    </ClCompile>
    <ClCompile Include="objects\flicky.cpp">
      <Filter>Source Files\objects</Filter>
    </ClCompile>
    <ClCompile Include="teleport.cpp">
      <Filter>Source Files</Filter>
    </ClCompile>
    <ClCompile Include="objects\AI_Fight.cpp">
      <Filter>Source Files\objects</Filter>
    </ClCompile>
    <ClCompile Include="objects\o_CmnDushRing.cpp">
      <Filter>Source Files\objects</Filter>
    </ClCompile>
    <ClCompile Include="objects\o_savepoint.cpp">
      <Filter>Source Files\objects</Filter>
    </ClCompile>
    <ClCompile Include="objects\o_windy_turibasi.cpp">
      <Filter>Source Files\objects\stg02_windy</Filter>
    </ClCompile>
    <ClCompile Include="o_casino_telepot.cpp">
      <Filter>Source Files\objects\stg09_casino</Filter>
    </ClCompile>
    <ClCompile Include="objects\o_twinkle_barrel.cpp">
      <Filter>Source Files\objects\stg03_twinkle</Filter>
    </ClCompile>
    <ClCompile Include="objects\o_windy_rotateobj.cpp">
      <Filter>Source Files\objects\stg02_windy</Filter>
    </ClCompile>
    <ClCompile Include="objects\alo_obake_head.cpp">
      <Filter>Source Files\objects\chao</Filter>
    </ClCompile>
    <ClCompile Include="objects\alo_fruit.cpp">
      <Filter>Source Files\objects\chao</Filter>
    </ClCompile>
    <ClCompile Include="objects\albhv_dakko.cpp">
      <Filter>Source Files\objects\chao</Filter>
    </ClCompile>
    <ClCompile Include="objects\al_camera.cpp">
      <Filter>Source Files\objects\chao</Filter>
    </ClCompile>
    <ClCompile Include="objects\al_minimal.cpp">
      <Filter>Source Files\objects\chao</Filter>
    </ClCompile>
    <ClCompile Include="objects\alo_xybutton.cpp">
      <Filter>Source Files\objects\chao</Filter>
    </ClCompile>
    <ClCompile Include="FastFunctionHook.cpp">
      <Filter>Source Files\classes</Filter>
    </ClCompile>
    <ClCompile Include="RegisterPatch.cpp">
      <Filter>Source Files\classes</Filter>
    </ClCompile>
    <ClCompile Include="objects\ObjectCrane.cpp">
      <Filter>Source Files\objects\stg04_highway</Filter>
    </ClCompile>
    <ClCompile Include="objects\ObjectExplosionRock.cpp">
      <Filter>Source Files\objects\stg05_mountain</Filter>
    </ClCompile>
  </ItemGroup>
  <ItemGroup>
    <ClInclude Include="camera.h">
      <Filter>Header FIles</Filter>
    </ClInclude>
    <ClInclude Include="framework.h">
      <Filter>Header FIles</Filter>
    </ClInclude>
    <ClInclude Include="pch.h">
      <Filter>Header FIles</Filter>
    </ClInclude>
    <ClInclude Include="mod.h">
      <Filter>Header FIles</Filter>
    </ClInclude>
    <ClInclude Include="players.h">
      <Filter>Header FIles</Filter>
    </ClInclude>
    <ClInclude Include="sadx_utils.h">
      <Filter>Header FIles</Filter>
    </ClInclude>
    <ClInclude Include="splitscreen.h">
      <Filter>Header FIles</Filter>
    </ClInclude>
    <ClInclude Include="utils.h">
      <Filter>Header FIles</Filter>
    </ClInclude>
    <ClInclude Include="hud_multi.h">
      <Filter>Header FIles\gui</Filter>
    </ClInclude>
    <ClInclude Include="menu.h">
      <Filter>Header FIles\gui</Filter>
    </ClInclude>
    <ClInclude Include="menu_multi.h">
      <Filter>Header FIles\gui</Filter>
    </ClInclude>
    <ClInclude Include="drawqueue.h">
      <Filter>Header FIles</Filter>
    </ClInclude>
    <ClInclude Include="d3d8vars.h">
      <Filter>Header FIles</Filter>
    </ClInclude>
    <ClInclude Include="patches.h">
      <Filter>Header FIles</Filter>
    </ClInclude>
    <ClInclude Include="set.h">
      <Filter>Header FIles</Filter>
    </ClInclude>
    <ClInclude Include="levels.h">
      <Filter>Header FIles</Filter>
    </ClInclude>
    <ClInclude Include="multiplayer.h">
      <Filter>Header FIles</Filter>
    </ClInclude>
    <ClInclude Include="testspawn.h">
      <Filter>Header FIles</Filter>
    </ClInclude>
    <ClInclude Include="..\include\multiapi.h">
      <Filter>Header FIles\include</Filter>
    </ClInclude>
    <ClInclude Include="sound.h">
      <Filter>Header FIles</Filter>
    </ClInclude>
    <ClInclude Include="race.h">
      <Filter>Header FIles</Filter>
    </ClInclude>
    <ClInclude Include="result.h">
      <Filter>Header FIles</Filter>
    </ClInclude>
    <ClInclude Include="hud_result.h">
      <Filter>Header FIles\gui</Filter>
    </ClInclude>
    <ClInclude Include="emeraldhunt.h">
      <Filter>Header FIles</Filter>
    </ClInclude>
    <ClInclude Include="milesrace.h">
      <Filter>Header FIles</Filter>
    </ClInclude>
    <ClInclude Include="fishing.h">
      <Filter>Header FIles</Filter>
    </ClInclude>
    <ClInclude Include="hud_fishing.h">
      <Filter>Header FIles\gui</Filter>
    </ClInclude>
    <ClInclude Include="objects\BigKaeru.h">
      <Filter>Header FIles\objects</Filter>
    </ClInclude>
    <ClInclude Include="forcewk.h">
      <Filter>Header FIles</Filter>
    </ClInclude>
    <ClInclude Include="hud_indicator.h">
      <Filter>Header FIles\gui</Filter>
    </ClInclude>
    <ClInclude Include="config.h">
      <Filter>Header FIles</Filter>
    </ClInclude>
    <ClInclude Include="gravity.h">
      <Filter>Header FIles</Filter>
    </ClInclude>
    <ClInclude Include="fog.h">
      <Filter>Header FIles</Filter>
    </ClInclude>
    <ClInclude Include="input.h">
      <Filter>Header FIles</Filter>
    </ClInclude>
    <ClInclude Include="netplay.h">
      <Filter>Header FIles\netplay</Filter>
    </ClInclude>
    <ClInclude Include="packet.h">
      <Filter>Header FIles\netplay</Filter>
    </ClInclude>
    <ClInclude Include="logic.h">
      <Filter>Header FIles</Filter>
    </ClInclude>
    <ClInclude Include="timer.h">
      <Filter>Header FIles\netplay</Filter>
    </ClInclude>
    <ClInclude Include="camerafunc.h">
      <Filter>Header FIles</Filter>
    </ClInclude>
    <ClInclude Include="VariableHook.hpp">
      <Filter>Header FIles\classes</Filter>
    </ClInclude>
    <ClInclude Include="objects\bosses.h">
      <Filter>Header FIles\objects</Filter>
    </ClInclude>
    <ClInclude Include="GameText.hpp">
      <Filter>Header FIles\classes</Filter>
    </ClInclude>
    <ClInclude Include="menu_adventure.h">
      <Filter>Header FIles\gui</Filter>
    </ClInclude>
    <ClInclude Include="collision.h">
      <Filter>Header FIles</Filter>
    </ClInclude>
    <ClInclude Include="event.h">
      <Filter>Header FIles</Filter>
    </ClInclude>
    <ClInclude Include="objects\e_cart.h">
      <Filter>Header FIles\objects\enemy</Filter>
    </ClInclude>
    <ClInclude Include="objects\ObjCylinderCmn.h">
      <Filter>Header FIles\objects\stg06_skydeck</Filter>
    </ClInclude>
    <ClInclude Include="teleport.h">
      <Filter>Header FIles</Filter>
    </ClInclude>
    <ClInclude Include="FastFunctionHook.hpp">
      <Filter>Header FIles\classes</Filter>
    </ClInclude>
    <ClInclude Include="hde32.h">
      <Filter>Header FIles\classes</Filter>
    </ClInclude>
    <ClInclude Include="RegisterPatch.hpp">
      <Filter>Header FIles\classes</Filter>
    </ClInclude>
    <ClInclude Include="hud_emerald.h">
      <Filter>Header FIles\gui</Filter>
    </ClInclude>
    <ClInclude Include="hud_itembox.h">
      <Filter>Source Files\gui</Filter>
    </ClInclude>
  </ItemGroup>
  <ItemGroup>
    <Filter Include="Header FIles">
      <UniqueIdentifier>{56f53c80-d906-4456-a067-cd34f6124b33}</UniqueIdentifier>
    </Filter>
    <Filter Include="Source Files">
      <UniqueIdentifier>{faefacd9-04d6-4834-aa7c-a6f104e4eb1e}</UniqueIdentifier>
    </Filter>
    <Filter Include="Source Files\gui">
      <UniqueIdentifier>{25de92dc-4f93-442a-bf74-5037f998a674}</UniqueIdentifier>
    </Filter>
    <Filter Include="Header FIles\gui">
      <UniqueIdentifier>{5a4890f9-adbc-4a33-bc9f-abe98eedc69e}</UniqueIdentifier>
    </Filter>
    <Filter Include="Source Files\objects">
      <UniqueIdentifier>{f7f1aa64-91c4-404c-b268-0b44e95f29b7}</UniqueIdentifier>
    </Filter>
    <Filter Include="Header FIles\objects">
      <UniqueIdentifier>{25a58ace-4839-4bc1-ade4-5d673fc39e17}</UniqueIdentifier>
    </Filter>
    <Filter Include="Header FIles\include">
      <UniqueIdentifier>{fead6788-8f1c-4b08-98a7-c22b00686774}</UniqueIdentifier>
    </Filter>
    <Filter Include="Source Files\objects\figure">
      <UniqueIdentifier>{e38cc25c-b522-4b83-8bbb-f8b0ab72ed79}</UniqueIdentifier>
    </Filter>
    <Filter Include="Header FIles\classes">
      <UniqueIdentifier>{34326808-c3dc-4006-8538-7a1a518e93d3}</UniqueIdentifier>
    </Filter>
    <Filter Include="Source Files\objects\bosses">
      <UniqueIdentifier>{7d85d775-a2ac-429b-9e63-1731455402c9}</UniqueIdentifier>
    </Filter>
    <Filter Include="Source Files\objects\stg01_beach">
      <UniqueIdentifier>{fa93a4ab-6d25-4187-8219-c4b8a16950c5}</UniqueIdentifier>
    </Filter>
    <Filter Include="Source Files\objects\stg02_windy">
      <UniqueIdentifier>{785b7423-e251-42f3-be33-2aa0ecd8dc80}</UniqueIdentifier>
    </Filter>
    <Filter Include="Source Files\objects\stg03_twinkle">
      <UniqueIdentifier>{50eb0df9-6a5c-4494-9fc4-b7926ee8ac1d}</UniqueIdentifier>
    </Filter>
    <Filter Include="Source Files\objects\stg04_highway">
      <UniqueIdentifier>{213d5d93-e5a0-440b-8ced-54a22c57512a}</UniqueIdentifier>
    </Filter>
    <Filter Include="Source Files\objects\stg05_mountain">
      <UniqueIdentifier>{55f8f0a8-91ea-410b-bad6-2273d72b29e4}</UniqueIdentifier>
    </Filter>
    <Filter Include="Source Files\objects\stg06_skydeck">
      <UniqueIdentifier>{c36bc248-2394-411b-89a3-325bf0d30c16}</UniqueIdentifier>
    </Filter>
    <Filter Include="Source Files\objects\stg07_ruin">
      <UniqueIdentifier>{e27f5109-41c4-49ae-a317-12176de7b244}</UniqueIdentifier>
    </Filter>
    <Filter Include="Source Files\objects\stg08_icecap">
      <UniqueIdentifier>{13846364-408d-4384-9acb-665387784b33}</UniqueIdentifier>
    </Filter>
    <Filter Include="Source Files\objects\stg09_casino">
      <UniqueIdentifier>{639de8cb-0a52-418b-8459-821e02fb1c47}</UniqueIdentifier>
    </Filter>
    <Filter Include="Source Files\objects\stg10_finalegg">
      <UniqueIdentifier>{8ec3b469-24cf-4081-a0ee-8644c9279df2}</UniqueIdentifier>
    </Filter>
    <Filter Include="Source Files\objects\stg12_hotshelter">
      <UniqueIdentifier>{3fb45c08-d3db-4376-83e0-9aac412d0e58}</UniqueIdentifier>
    </Filter>
    <Filter Include="Source Files\objects\enemy">
      <UniqueIdentifier>{711f2f4d-0024-4a9b-aa32-634b16c23a18}</UniqueIdentifier>
    </Filter>
    <Filter Include="Header FIles\objects\enemy">
      <UniqueIdentifier>{81c5c565-ce1e-4972-955b-3c35d5358c64}</UniqueIdentifier>
    </Filter>
    <Filter Include="Header FIles\objects\stg06_skydeck">
      <UniqueIdentifier>{97885f92-1a5f-4994-97dd-6079a3b042b0}</UniqueIdentifier>
    </Filter>
    <Filter Include="Source Files\netplay">
      <UniqueIdentifier>{e3a1b93c-f944-426a-b922-707b7b85d8be}</UniqueIdentifier>
    </Filter>
    <Filter Include="Header FIles\netplay">
      <UniqueIdentifier>{fbedaab8-05f5-4755-8346-ba4688365961}</UniqueIdentifier>
    </Filter>
    <Filter Include="Source Files\objects\chao">
      <UniqueIdentifier>{b5270be9-68fe-4ae8-b50e-0422f75b68ae}</UniqueIdentifier>
    </Filter>
    <Filter Include="Source Files\classes">
      <UniqueIdentifier>{a87a1ec8-1c52-4395-8bf3-e110f7cea8f5}</UniqueIdentifier>
    </Filter>
  </ItemGroup>
</Project>